
Microsoft Visual Studio Solution File, Format Version 12.00
# Visual Studio Version 17
VisualStudioVersion = 17.0.32112.339
MinimumVisualStudioVersion = 10.0.40219.1
Project("{FAE04EC0-301F-11D3-BF4B-00C04F79EFBC}") = "SQLLiteMerger", "SQLLiteMerger.csproj", "{6E405371-30BD-449C-8462-74A73812AEEA}"
EndProject
Global
	GlobalSection(SolutionConfigurationPlatforms) = preSolution
		Debug|Any CPU = Debug|Any CPU
		Release|Any CPU = Release|Any CPU
	EndGlobalSection
	GlobalSection(ProjectConfigurationPlatforms) = postSolution
		{6E405371-30BD-449C-8462-74A73812AEEA}.Debug|Any CPU.ActiveCfg = Debug|Any CPU
		{6E405371-30BD-449C-8462-74A73812AEEA}.Debug|Any CPU.Build.0 = Debug|Any CPU
		{6E405371-30BD-449C-8462-74A73812AEEA}.Release|Any CPU.ActiveCfg = Release|Any CPU
		{6E405371-30BD-449C-8462-74A73812AEEA}.Release|Any CPU.Build.0 = Release|Any CPU
	EndGlobalSection
	GlobalSection(SolutionProperties) = preSolution
		HideSolutionNode = FALSE
	EndGlobalSection
	GlobalSection(ExtensibilityGlobals) = postSolution
		SolutionGuid = {664B7847-1A4D-4BEA-9F6A-7F1026F8AE98}
	EndGlobalSection
EndGlobal
